
Microsoft Visual Studio Solution File, Format Version 12.00
# Visual Studio Version 17
VisualStudioVersion = 17.8.34316.72
MinimumVisualStudioVersion = 10.0.40219.1
Project("{FAE04EC0-301F-11D3-BF4B-00C04F79EFBC}") = "WillMather.FizzBuzz", "WillMather.FizzBuzz\WillMather.FizzBuzz.csproj", "{F4859AC8-9CD7-4565-B2E9-94519BA7C72E}"
EndProject
Global
	GlobalSection(SolutionConfigurationPlatforms) = preSolution
		Debug|Any CPU = Debug|Any CPU
		Release|Any CPU = Release|Any CPU
	EndGlobalSection
	GlobalSection(ProjectConfigurationPlatforms) = postSolution
		{F4859AC8-9CD7-4565-B2E9-94519BA7C72E}.Debug|Any CPU.ActiveCfg = Debug|Any CPU
		{F4859AC8-9CD7-4565-B2E9-94519BA7C72E}.Debug|Any CPU.Build.0 = Debug|Any CPU
		{F4859AC8-9CD7-4565-B2E9-94519BA7C72E}.Release|Any CPU.ActiveCfg = Release|Any CPU
		{F4859AC8-9CD7-4565-B2E9-94519BA7C72E}.Release|Any CPU.Build.0 = Release|Any CPU
	EndGlobalSection
	GlobalSection(SolutionProperties) = preSolution
		HideSolutionNode = FALSE
	EndGlobalSection
	GlobalSection(ExtensibilityGlobals) = postSolution
		SolutionGuid = {EE0E95BE-DF01-4FF9-AD4D-DEA02BFAEF78}
	EndGlobalSection
EndGlobal
